
Microsoft Visual Studio Solution File, Format Version 12.00
# Visual Studio 2013
VisualStudioVersion = 12.0.21005.1
MinimumVisualStudioVersion = 10.0.40219.1
Project("{2150E333-8FDC-42A3-9474-1A3956D46DE8}") = "Web", "Web", "{02F57CB0-743D-4A7C-A409-28CAE0C3A120}"
EndProject
Project("{2150E333-8FDC-42A3-9474-1A3956D46DE8}") = "Test", "Test", "{D2EB5D59-F984-4DFB-AFD7-393B2E813AED}"
EndProject
Project("{FAE04EC0-301F-11D3-BF4B-00C04F79EFBC}") = "X.Web", "Web\X.Web\X.Web.csproj", "{6E4653A5-1350-4FB0-A52E-4FDE25AE8EC9}"
EndProject
Project("{2150E333-8FDC-42A3-9474-1A3956D46DE8}") = "Xc", "Xc", "{9AA21239-7E78-4479-A556-C41BAE8E7C74}"
EndProject
Project("{FAE04EC0-301F-11D3-BF4B-00C04F79EFBC}") = "X.Core", "Xc\Core\X.Core.csproj", "{9364F44B-C253-4A46-A86B-F9248325543D}"
EndProject
Project("{FAE04EC0-301F-11D3-BF4B-00C04F79EFBC}") = "X.Data", "Xc\Data\X.Data.csproj", "{AF748A76-BD19-4240-9974-10A8C61D3347}"
EndProject
Project("{2150E333-8FDC-42A3-9474-1A3956D46DE8}") = "Yfj", "Yfj", "{C7A40BCB-5DB3-4B34-98D9-855515EFBB6F}"
EndProject
Project("{FAE04EC0-301F-11D3-BF4B-00C04F79EFBC}") = "X.App", "Web\Yfj\X.App\X.App.csproj", "{133B22BE-39B8-47C5-9577-884A5F8F3EB6}"
EndProject
Project("{FAE04EC0-301F-11D3-BF4B-00C04F79EFBC}") = "X.Ui", "Web\Yfj\X.Ui\X.Ui.csproj", "{CDF02671-B20C-43C4-82A8-BE744FC5E2F4}"
EndProject
Project("{FAE04EC0-301F-11D3-BF4B-00C04F79EFBC}") = "X.Test", "Test\X.Test\X.Test.csproj", "{E618CFB1-1556-41E7-8F54-28E3F9F9A392}"
EndProject
Project("{FAE04EC0-301F-11D3-BF4B-00C04F79EFBC}") = "X.Wx", "Xc\Wx\X.Wx.csproj", "{00A00D24-3352-4F13-B976-5C32CC4E362B}"
EndProject
Project("{2150E333-8FDC-42A3-9474-1A3956D46DE8}") = "Solution Items", "Solution Items", "{1B49609B-B175-48DD-A361-C1D18DDC262F}"
	ProjectSection(SolutionItems) = preProject
		..\..\..\..\Desktop\MP_verify_kVNubFu7FYz0jvI6.txt = ..\..\..\..\Desktop\MP_verify_kVNubFu7FYz0jvI6.txt
	EndProjectSection
EndProject
Global
	GlobalSection(SolutionConfigurationPlatforms) = preSolution
		Debug|Any CPU = Debug|Any CPU
		Release|Any CPU = Release|Any CPU
		Test|Any CPU = Test|Any CPU
	EndGlobalSection
	GlobalSection(ProjectConfigurationPlatforms) = postSolution
		{6E4653A5-1350-4FB0-A52E-4FDE25AE8EC9}.Debug|Any CPU.ActiveCfg = Debug|Any CPU
		{6E4653A5-1350-4FB0-A52E-4FDE25AE8EC9}.Debug|Any CPU.Build.0 = Debug|Any CPU
		{6E4653A5-1350-4FB0-A52E-4FDE25AE8EC9}.Release|Any CPU.ActiveCfg = Release|Any CPU
		{6E4653A5-1350-4FB0-A52E-4FDE25AE8EC9}.Release|Any CPU.Build.0 = Release|Any CPU
		{6E4653A5-1350-4FB0-A52E-4FDE25AE8EC9}.Test|Any CPU.ActiveCfg = Release|Any CPU
		{6E4653A5-1350-4FB0-A52E-4FDE25AE8EC9}.Test|Any CPU.Build.0 = Release|Any CPU
		{9364F44B-C253-4A46-A86B-F9248325543D}.Debug|Any CPU.ActiveCfg = Debug|Any CPU
		{9364F44B-C253-4A46-A86B-F9248325543D}.Debug|Any CPU.Build.0 = Debug|Any CPU
		{9364F44B-C253-4A46-A86B-F9248325543D}.Release|Any CPU.ActiveCfg = Release|Any CPU
		{9364F44B-C253-4A46-A86B-F9248325543D}.Release|Any CPU.Build.0 = Release|Any CPU
		{9364F44B-C253-4A46-A86B-F9248325543D}.Test|Any CPU.ActiveCfg = Release|Any CPU
		{9364F44B-C253-4A46-A86B-F9248325543D}.Test|Any CPU.Build.0 = Release|Any CPU
		{AF748A76-BD19-4240-9974-10A8C61D3347}.Debug|Any CPU.ActiveCfg = Debug|Any CPU
		{AF748A76-BD19-4240-9974-10A8C61D3347}.Debug|Any CPU.Build.0 = Debug|Any CPU
		{AF748A76-BD19-4240-9974-10A8C61D3347}.Release|Any CPU.ActiveCfg = Release|Any CPU
		{AF748A76-BD19-4240-9974-10A8C61D3347}.Release|Any CPU.Build.0 = Release|Any CPU
		{AF748A76-BD19-4240-9974-10A8C61D3347}.Test|Any CPU.ActiveCfg = Release|Any CPU
		{AF748A76-BD19-4240-9974-10A8C61D3347}.Test|Any CPU.Build.0 = Release|Any CPU
		{133B22BE-39B8-47C5-9577-884A5F8F3EB6}.Debug|Any CPU.ActiveCfg = Debug|Any CPU
		{133B22BE-39B8-47C5-9577-884A5F8F3EB6}.Debug|Any CPU.Build.0 = Debug|Any CPU
		{133B22BE-39B8-47C5-9577-884A5F8F3EB6}.Release|Any CPU.ActiveCfg = Release|Any CPU
		{133B22BE-39B8-47C5-9577-884A5F8F3EB6}.Release|Any CPU.Build.0 = Release|Any CPU
		{133B22BE-39B8-47C5-9577-884A5F8F3EB6}.Test|Any CPU.ActiveCfg = Release|Any CPU
		{133B22BE-39B8-47C5-9577-884A5F8F3EB6}.Test|Any CPU.Build.0 = Release|Any CPU
		{CDF02671-B20C-43C4-82A8-BE744FC5E2F4}.Debug|Any CPU.ActiveCfg = Debug|Any CPU
		{CDF02671-B20C-43C4-82A8-BE744FC5E2F4}.Debug|Any CPU.Build.0 = Debug|Any CPU
		{CDF02671-B20C-43C4-82A8-BE744FC5E2F4}.Release|Any CPU.ActiveCfg = Release|Any CPU
		{CDF02671-B20C-43C4-82A8-BE744FC5E2F4}.Release|Any CPU.Build.0 = Release|Any CPU
		{CDF02671-B20C-43C4-82A8-BE744FC5E2F4}.Test|Any CPU.ActiveCfg = Release|Any CPU
		{CDF02671-B20C-43C4-82A8-BE744FC5E2F4}.Test|Any CPU.Build.0 = Release|Any CPU
		{E618CFB1-1556-41E7-8F54-28E3F9F9A392}.Debug|Any CPU.ActiveCfg = Debug|Any CPU
		{E618CFB1-1556-41E7-8F54-28E3F9F9A392}.Debug|Any CPU.Build.0 = Debug|Any CPU
		{E618CFB1-1556-41E7-8F54-28E3F9F9A392}.Release|Any CPU.ActiveCfg = Release|Any CPU
		{E618CFB1-1556-41E7-8F54-28E3F9F9A392}.Release|Any CPU.Build.0 = Release|Any CPU
		{E618CFB1-1556-41E7-8F54-28E3F9F9A392}.Test|Any CPU.ActiveCfg = Release|Any CPU
		{E618CFB1-1556-41E7-8F54-28E3F9F9A392}.Test|Any CPU.Build.0 = Release|Any CPU
		{00A00D24-3352-4F13-B976-5C32CC4E362B}.Debug|Any CPU.ActiveCfg = Debug|Any CPU
		{00A00D24-3352-4F13-B976-5C32CC4E362B}.Debug|Any CPU.Build.0 = Debug|Any CPU
		{00A00D24-3352-4F13-B976-5C32CC4E362B}.Release|Any CPU.ActiveCfg = Release|Any CPU
		{00A00D24-3352-4F13-B976-5C32CC4E362B}.Release|Any CPU.Build.0 = Release|Any CPU
		{00A00D24-3352-4F13-B976-5C32CC4E362B}.Test|Any CPU.ActiveCfg = Release|Any CPU
		{00A00D24-3352-4F13-B976-5C32CC4E362B}.Test|Any CPU.Build.0 = Release|Any CPU
	EndGlobalSection
	GlobalSection(SolutionProperties) = preSolution
		HideSolutionNode = FALSE
	EndGlobalSection
	GlobalSection(NestedProjects) = preSolution
		{6E4653A5-1350-4FB0-A52E-4FDE25AE8EC9} = {02F57CB0-743D-4A7C-A409-28CAE0C3A120}
		{C7A40BCB-5DB3-4B34-98D9-855515EFBB6F} = {02F57CB0-743D-4A7C-A409-28CAE0C3A120}
		{E618CFB1-1556-41E7-8F54-28E3F9F9A392} = {D2EB5D59-F984-4DFB-AFD7-393B2E813AED}
		{9364F44B-C253-4A46-A86B-F9248325543D} = {9AA21239-7E78-4479-A556-C41BAE8E7C74}
		{AF748A76-BD19-4240-9974-10A8C61D3347} = {9AA21239-7E78-4479-A556-C41BAE8E7C74}
		{00A00D24-3352-4F13-B976-5C32CC4E362B} = {9AA21239-7E78-4479-A556-C41BAE8E7C74}
		{133B22BE-39B8-47C5-9577-884A5F8F3EB6} = {C7A40BCB-5DB3-4B34-98D9-855515EFBB6F}
		{CDF02671-B20C-43C4-82A8-BE744FC5E2F4} = {C7A40BCB-5DB3-4B34-98D9-855515EFBB6F}
	EndGlobalSection
EndGlobal
